// !$*UTF8*$!
{
	archiveVersion = 1;
	classes = {
	};
	objectVersion = 46;
	objects = {

/* Begin PBXBuildFile section */
		D713B30120D72427003CE824 /* AppDelegate.swift in Sources */ = {isa = PBXBuildFile; fileRef = D713B30020D72427003CE824 /* AppDelegate.swift */; };
		D713B30320D72427003CE824 /* ViewController.swift in Sources */ = {isa = PBXBuildFile; fileRef = D713B30220D72427003CE824 /* ViewController.swift */; };
		D713B30620D72427003CE824 /* Main.storyboard in Resources */ = {isa = PBXBuildFile; fileRef = D713B30420D72427003CE824 /* Main.storyboard */; };
		D713B30820D72427003CE824 /* Assets.xcassets in Resources */ = {isa = PBXBuildFile; fileRef = D713B30720D72427003CE824 /* Assets.xcassets */; };
		D713B30B20D72427003CE824 /* LaunchScreen.storyboard in Resources */ = {isa = PBXBuildFile; fileRef = D713B30920D72427003CE824 /* LaunchScreen.storyboard */; };
		D7F5234020D9F91200B3FB06 /* BrowserViewController.swift in Sources */ = {isa = PBXBuildFile; fileRef = D7F5233F20D9F91200B3FB06 /* BrowserViewController.swift */; };
/* End PBXBuildFile section */

/* Begin PBXFileReference section */
		D713B2FD20D72426003CE824 /* Calculador.app */ = {isa = PBXFileReference; explicitFileType = wrapper.application; includeInIndex = 0; path = Calculador.app; sourceTree = BUILT_PRODUCTS_DIR; };
		D713B30020D72427003CE824 /* AppDelegate.swift */ = {isa = PBXFileReference; lastKnownFileType = sourcecode.swift; path = AppDelegate.swift; sourceTree = "<group>"; };
		D713B30220D72427003CE824 /* ViewController.swift */ = {isa = PBXFileReference; lastKnownFileType = sourcecode.swift; path = ViewController.swift; sourceTree = "<group>"; };
		D713B30520D72427003CE824 /* Base */ = {isa = PBXFileReference; lastKnownFileType = file.storyboard; name = Base; path = Base.lproj/Main.storyboard; sourceTree = "<group>"; };
		D713B30720D72427003CE824 /* Assets.xcassets */ = {isa = PBXFileReference; lastKnownFileType = folder.assetcatalog; path = Assets.xcassets; sourceTree = "<group>"; };
		D713B30A20D72427003CE824 /* Base */ = {isa = PBXFileReference; lastKnownFileType = file.storyboard; name = Base; path = Base.lproj/LaunchScreen.storyboard; sourceTree = "<group>"; };
		D713B30C20D72427003CE824 /* Info.plist */ = {isa = PBXFileReference; lastKnownFileType = text.plist.xml; path = Info.plist; sourceTree = "<group>"; };
		D7F5233F20D9F91200B3FB06 /* BrowserViewController.swift */ = {isa = PBXFileReference; fileEncoding = 4; lastKnownFileType = sourcecode.swift; path = BrowserViewController.swift; sourceTree = "<group>"; };
/* End PBXFileReference section */

/* Begin PBXFrameworksBuildPhase section */
		D713B2FA20D72426003CE824 /* Frameworks */ = {
			isa = PBXFrameworksBuildPhase;
			buildActionMask = 2147483647;
			files = (
			);
			runOnlyForDeploymentPostprocessing = 0;
		};
/* End PBXFrameworksBuildPhase section */

/* Begin PBXGroup section */
		D713B2F420D72426003CE824 = {
			isa = PBXGroup;
			children = (
				D713B2FF20D72426003CE824 /* Calculador */,
				D713B2FE20D72426003CE824 /* Products */,
			);
			sourceTree = "<group>";
		};
		D713B2FE20D72426003CE824 /* Products */ = {
			isa = PBXGroup;
			children = (
				D713B2FD20D72426003CE824 /* Calculador.app */,
			);
			name = Products;
			sourceTree = "<group>";
		};
		D713B2FF20D72426003CE824 /* Calculador */ = {
			isa = PBXGroup;
			children = (
				D713B30020D72427003CE824 /* AppDelegate.swift */,
				D713B30220D72427003CE824 /* ViewController.swift */,
				D7F5233F20D9F91200B3FB06 /* BrowserViewController.swift */,
				D713B30420D72427003CE824 /* Main.storyboard */,
				D713B30720D72427003CE824 /* Assets.xcassets */,
				D713B30920D72427003CE824 /* LaunchScreen.storyboard */,
				D713B30C20D72427003CE824 /* Info.plist */,
			);
			path = Calculador;
			sourceTree = "<group>";
		};
/* End PBXGroup section */

/* Begin PBXNativeTarget section */
		D713B2FC20D72426003CE824 /* Calculador */ = {
			isa = PBXNativeTarget;
			buildConfigurationList = D713B30F20D72427003CE824 /* Build configuration list for PBXNativeTarget "Calculador" */;
			buildPhases = (
				D713B2F920D72426003CE824 /* Sources */,
				D713B2FA20D72426003CE824 /* Frameworks */,
				D713B2FB20D72426003CE824 /* Resources */,
			);
			buildRules = (
			);
			dependencies = (
			);
			name = Calculador;
			productName = Calculador;
			productReference = D713B2FD20D72426003CE824 /* Calculador.app */;
			productType = "com.apple.product-type.application";
		};
/* End PBXNativeTarget section */

/* Begin PBXProject section */
		D713B2F520D72426003CE824 /* Project object */ = {
			isa = PBXProject;
			attributes = {
				LastSwiftUpdateCheck = 0830;
				LastUpgradeCheck = 0830;
				ORGANIZATIONNAME = "Guilherme Rocha";
				TargetAttributes = {
					D713B2FC20D72426003CE824 = {
						CreatedOnToolsVersion = 8.3.2;
						ProvisioningStyle = Automatic;
					};
				};
			};
			buildConfigurationList = D713B2F820D72426003CE824 /* Build configuration list for PBXProject "Calculador" */;
			compatibilityVersion = "Xcode 3.2";
			developmentRegion = English;
			hasScannedForEncodings = 0;
			knownRegions = (
				en,
				Base,
			);
			mainGroup = D713B2F420D72426003CE824;
			productRefGroup = D713B2FE20D72426003CE824 /* Products */;
			projectDirPath = "";
			projectRoot = "";
			targets = (
				D713B2FC20D72426003CE824 /* Calculador */,
			);
		};
/* End PBXProject section */

/* Begin PBXResourcesBuildPhase section */
		D713B2FB20D72426003CE824 /* Resources */ = {
			isa = PBXResourcesBuildPhase;
			buildActionMask = 2147483647;
			files = (
				D713B30B20D72427003CE824 /* LaunchScreen.storyboard in Resources */,
				D713B30820D72427003CE824 /* Assets.xcassets in Resources */,
				D713B30620D72427003CE824 /* Main.storyboard in Resources */,
			);
			runOnlyForDeploymentPostprocessing = 0;
		};
/* End PBXResourcesBuildPhase section */

/* Begin PBXSourcesBuildPhase section */
		D713B2F920D72426003CE824 /* Sources */ = {
			isa = PBXSourcesBuildPhase;
			buildActionMask = 2147483647;
			files = (
				D713B30320D72427003CE824 /* ViewController.swift in Sources */,
				D7F5234020D9F91200B3FB06 /* BrowserViewController.swift in Sources */,
				D713B30120D72427003CE824 /* AppDelegate.swift in Sources */,
			);
			runOnlyForDeploymentPostprocessing = 0;
		};
/* End PBXSourcesBuildPhase section */

/* Begin PBXVariantGroup section */
		D713B30420D72427003CE824 /* Main.storyboard */ = {
			isa = PBXVariantGroup;
			children = (
				D713B30520D72427003CE824 /* Base */,
			);
			name = Main.storyboard;
			sourceTree = "<group>";
		};
		D713B30920D72427003CE824 /* LaunchScreen.storyboard */ = {
			isa = PBXVariantGroup;
			children = (
				D713B30A20D72427003CE824 /* Base */,
			);
			name = LaunchScreen.storyboard;
			sourceTree = "<group>";
		};
/* End PBXVariantGroup section */

/* Begin XCBuildConfiguration section */
		D713B30D20D72427003CE824 /* Debug */ = {
			isa = XCBuildConfiguration;
			buildSettings = {
				ALWAYS_SEARCH_USER_PATHS = NO;
				CLANG_ANALYZER_NONNULL = YES;
				CLANG_ANALYZER_NUMBER_OBJECT_CONVERSION = YES_AGGRESSIVE;
				CLANG_CXX_LANGUAGE_STANDARD = "gnu++0x";
				CLANG_CXX_LIBRARY = "libc++";
				CLANG_ENABLE_MODULES = YES;
				CLANG_ENABLE_OBJC_ARC = YES;
				CLANG_WARN_BOOL_CONVERSION = YES;
				CLANG_WARN_CONSTANT_CONVERSION = YES;
				CLANG_WARN_DIRECT_OBJC_ISA_USAGE = YES_ERROR;
				CLANG_WARN_DOCUMENTATION_COMMENTS = YES;
				CLANG_WARN_EMPTY_BODY = YES;
				CLANG_WARN_ENUM_CONVERSION = YES;
				CLANG_WARN_INFINITE_RECURSION = YES;
				CLANG_WARN_INT_CONVERSION = YES;
				CLANG_WARN_OBJC_ROOT_CLASS = YES_ERROR;
				CLANG_WARN_SUSPICIOUS_MOVE = YES;
				CLANG_WARN_UNREACHABLE_CODE = YES;
				CLANG_WARN__DUPLICATE_METHOD_MATCH = YES;
				"CODE_SIGN_IDENTITY[sdk=iphoneos*]" = "iPhone Developer";
				COPY_PHASE_STRIP = NO;
				DEBUG_INFORMATION_FORMAT = dwarf;
				ENABLE_STRICT_OBJC_MSGSEND = YES;
				ENABLE_TESTABILITY = YES;
				GCC_C_LANGUAGE_STANDARD = gnu99;
				GCC_DYNAMIC_NO_PIC = NO;
				GCC_NO_COMMON_BLOCKS = YES;
				GCC_OPTIMIZATION_LEVEL = 0;
				GCC_PREPROCESSOR_DEFINITIONS = (
					"DEBUG=1",
					"$(inherited)",
				);
				GCC_WARN_64_TO_32_BIT_CONVERSION = YES;
				GCC_WARN_ABOUT_RETURN_TYPE = YES_ERROR;
				GCC_WARN_UNDECLARED_SELECTOR = YES;
				GCC_WARN_UNINITIALIZED_AUTOS = YES_AGGRESSIVE;
				GCC_WARN_UNUSED_FUNCTION = YES;
				GCC_WARN_UNUSED_VARIABLE = YES;
				IPHONEOS_DEPLOYMENT_TARGET = 10.3;
				MTL_ENABLE_DEBUG_INFO = YES;
				ONLY_ACTIVE_ARCH = YES;
				SDKROOT = iphoneos;
				SWIFT_ACTIVE_COMPILATION_CONDITIONS = DEBUG;
				SWIFT_OPTIMIZATION_LEVEL = "-Onone";
			};
			name = Debug;
		};
		D713B30E20D72427003CE824 /* Release */ = {
			isa = XCBuildConfiguration;
			buildSettings = {
				ALWAYS_SEARCH_USER_PATHS = NO;
				CLANG_ANALYZER_NONNULL = YES;
				CLANG_ANALYZER_NUMBER_OBJECT_CONVERSION = YES_AGGRESSIVE;
				CLANG_CXX_LANGUAGE_STANDARD = "gnu++0x";
				CLANG_CXX_LIBRARY = "libc++";
				CLANG_ENABLE_MODULES = YES;
				CLANG_ENABLE_OBJC_ARC = YES;
				CLANG_WARN_BOOL_CONVERSION = YES;
				CLANG_WARN_CONSTANT_CONVERSION = YES;
				CLANG_WARN_DIRECT_OBJC_ISA_USAGE = YES_ERROR;
				CLANG_WARN_DOCUMENTATION_COMMENTS = YES;
				CLANG_WARN_EMPTY_BODY = YES;
				CLANG_WARN_ENUM_CONVERSION = YES;
				CLANG_WARN_INFINITE_RECURSION = YES;
				CLANG_WARN_INT_CONVERSION = YES;
				CLANG_WARN_OBJC_ROOT_CLASS = YES_ERROR;
				CLANG_WARN_SUSPICIOUS_MOVE = YES;
				CLANG_WARN_UNREACHABLE_CODE = YES;
				CLANG_WARN__DUPLICATE_METHOD_MATCH = YES;
				"CODE_SIGN_IDENTITY[sdk=iphoneos*]" = "iPhone Developer";
				COPY_PHASE_STRIP = NO;
				DEBUG_INFORMATION_FORMAT = "dwarf-with-dsym";
				ENABLE_NS_ASSERTIONS = NO;
				ENABLE_STRICT_OBJC_MSGSEND = YES;
				GCC_C_LANGUAGE_STANDARD = gnu99;
				GCC_NO_COMMON_BLOCKS = YES;
				GCC_WARN_64_TO_32_BIT_CONVERSION = YES;
				GCC_WARN_ABOUT_RETURN_TYPE = YES_ERROR;
				GCC_WARN_UNDECLARED_SELECTOR = YES;
				GCC_WARN_UNINITIALIZED_AUTOS = YES_AGGRESSIVE;
				GCC_WARN_UNUSED_FUNCTION = YES;
				GCC_WARN_UNUSED_VARIABLE = YES;
				IPHONEOS_DEPLOYMENT_TARGET = 10.3;
				MTL_ENABLE_DEBUG_INFO = NO;
				SDKROOT = iphoneos;
				SWIFT_OPTIMIZATION_LEVEL = "-Owholemodule";
				VALIDATE_PRODUCT = YES;
			};
			name = Release;
		};
		D713B31020D72427003CE824 /* Debug */ = {
			isa = XCBuildConfiguration;
			buildSettings = {
				ASSETCATALOG_COMPILER_APPICON_NAME = AppIcon;
				INFOPLIST_FILE = Calculador/Info.plist;
				LD_RUNPATH_SEARCH_PATHS = "$(inherited) @executable_path/Frameworks";
				PRODUCT_BUNDLE_IDENTIFIER = com.rochagc.Calculador;
				PRODUCT_NAME = "$(TARGET_NAME)";
				SWIFT_VERSION = 3.0;
			};
			name = Debug;
		};
		D713B31120D72427003CE824 /* Release */ = {
			isa = XCBuildConfiguration;
			buildSettings = {
				ASSETCATALOG_COMPILER_APPICON_NAME = AppIcon;
				INFOPLIST_FILE = Calculador/Info.plist;
				LD_RUNPATH_SEARCH_PATHS = "$(inherited) @executable_path/Frameworks";
				PRODUCT_BUNDLE_IDENTIFIER = com.rochagc.Calculador;
				PRODUCT_NAME = "$(TARGET_NAME)";
				SWIFT_VERSION = 3.0;
			};
			name = Release;
		};
/* End XCBuildConfiguration section */

/* Begin XCConfigurationList section */
		D713B2F820D72426003CE824 /* Build configuration list for PBXProject "Calculador" */ = {
			isa = XCConfigurationList;
			buildConfigurations = (
				D713B30D20D72427003CE824 /* Debug */,
				D713B30E20D72427003CE824 /* Release */,
			);
			defaultConfigurationIsVisible = 0;
			defaultConfigurationName = Release;
		};
		D713B30F20D72427003CE824 /* Build configuration list for PBXNativeTarget "Calculador" */ = {
			isa = XCConfigurationList;
			buildConfigurations = (
				D713B31020D72427003CE824 /* Debug */,
				D713B31120D72427003CE824 /* Release */,
			);
			defaultConfigurationIsVisible = 0;
			defaultConfigurationName = Release;
		};
/* End XCConfigurationList section */
	};
	rootObject = D713B2F520D72426003CE824 /* Project object */;
}
